<?xml version="1.0" encoding="utf-8"?>
<Project ToolsVersion="4.0" xmlns="http://schemas.microsoft.com/developer/msbuild/2003">
  <ItemGroup>
    <Filter Include="Source Files">
      <UniqueIdentifier>{4170aeba-3b7d-40fd-9c74-88927d6af5b4}</UniqueIdentifier>
      <Extensions>cpp;c;cxx;rc;def;r;odl;idl;hpj;bat</Extensions>
    </Filter>
    <Filter Include="Header Files">
      <UniqueIdentifier>{b8efc329-0717-4aec-ad58-3c8e8b1f3787}</UniqueIdentifier>
      <Extensions>h;hpp;hxx;hm;inl</Extensions>
    </Filter>
    <Filter Include="Resource Files">
      <UniqueIdentifier>{464e72c5-538b-4a91-9ac4-6d074a681d2d}</UniqueIdentifier>
      <Extensions>ico;cur;bmp;dlg;rc2;rct;bin;rgs;gif;jpg;jpeg;jpe</Extensions>
    </Filter>
  </ItemGroup>
  <ItemGroup>
    <ClCompile Include="_prec.cpp">
      <Filter>Source Files</Filter>
    </ClCompile>
    <ClCompile Include="approot.cpp">
      <Filter>Source Files</Filter>
    </ClCompile>
    <ClCompile Include="dynamicicon.cpp">
      <Filter>Source Files</Filter>
    </ClCompile>
    <ClCompile Include="fancontrol.cpp">
      <Filter>Source Files</Filter>
    </ClCompile>
    <ClCompile Include="fanstuff.cpp">
      <Filter>Source Files</Filter>
    </ClCompile>
    <ClCompile Include="misc.cpp">
      <Filter>Source Files</Filter>
    </ClCompile>
    <ClCompile Include="portio.cpp">
      <Filter>Source Files</Filter>
    </ClCompile>
    <ClCompile Include="SystemTraySDK.cpp">
      <Filter>Source Files</Filter>
    </ClCompile>
    <ClCompile Include="winstuff.cpp">
      <Filter>Source Files</Filter>
    </ClCompile>
  </ItemGroup>
  <ItemGroup>
    <ClInclude Include="_prec.h">
      <Filter>Header Files</Filter>
    </ClInclude>
    <ClInclude Include="approot.h">
      <Filter>Header Files</Filter>
    </ClInclude>
    <ClInclude Include="dynamicicon.h">
      <Filter>Header Files</Filter>
    </ClInclude>
    <ClInclude Include="fancontrol.h">
      <Filter>Header Files</Filter>
    </ClInclude>
    <ClInclude Include="res\resource.h">
      <Filter>Header Files</Filter>
    </ClInclude>
    <ClInclude Include="SystemTraySDK.h">
      <Filter>Header Files</Filter>
    </ClInclude>
    <ClInclude Include="TaskbarTextIcon.h">
      <Filter>Header Files</Filter>
    </ClInclude>
    <ClInclude Include="tools.h">
      <Filter>Header Files</Filter>
    </ClInclude>
    <ClInclude Include="TVicPort.h">
      <Filter>Header Files</Filter>
    </ClInclude>
    <ClInclude Include="winstuff.h">
      <Filter>Header Files</Filter>
    </ClInclude>
  </ItemGroup>
  <ItemGroup>
    <Image Include="res\app.ico">
      <Filter>Resource Files</Filter>
    </Image>
    <Image Include="res\blue.ico">
      <Filter>Resource Files</Filter>
    </Image>
    <Image Include="res\bw.ico">
      <Filter>Resource Files</Filter>
    </Image>
    <Image Include="res\ico21.ico">
      <Filter>Resource Files</Filter>
    </Image>
    <Image Include="res\ico22.ico">
      <Filter>Resource Files</Filter>
    </Image>
    <Image Include="res\ico23.ico">
      <Filter>Resource Files</Filter>
    </Image>
    <Image Include="res\ico24.ico">
      <Filter>Resource Files</Filter>
    </Image>
    <Image Include="res\ico25.ico">
      <Filter>Resource Files</Filter>
    </Image>
    <Image Include="res\orange.ico">
      <Filter>Resource Files</Filter>
    </Image>
    <Image Include="res\red.ico">
      <Filter>Resource Files</Filter>
    </Image>
    <Image Include="res\yellow.ico">
      <Filter>Resource Files</Filter>
    </Image>
  </ItemGroup>
  <ItemGroup>
    <ResourceCompile Include="res\fancontrol.rc">
      <Filter>Resource Files</Filter>
    </ResourceCompile>
  </ItemGroup>
  <ItemGroup>
    <None Include="res\resource" />
  </ItemGroup>
  <ItemGroup>
    <Library Include="TVicPort.lib" />
  </ItemGroup>
  <ItemGroup>
    <Text Include="res\xp-manifest.txt" />
  </ItemGroup>
</Project>