<?xml version="1.0" encoding="utf-8"?>
<Project ToolsVersion="4.0" xmlns="http://schemas.microsoft.com/developer/msbuild/2003">
  <ItemGroup>
    <Filter Include="Source Files">
      <UniqueIdentifier>{486ce843-edee-4207-9e75-c5780671db76}</UniqueIdentifier>
      <Extensions>cpp;c;cxx;rc;def;r;odl;idl;hpj;bat</Extensions>
    </Filter>
    <Filter Include="Header Files">
      <UniqueIdentifier>{05db772b-d4c9-4f67-ac1a-fb36f6fd264e}</UniqueIdentifier>
      <Extensions>h;hpp;hxx;hm;inl</Extensions>
    </Filter>
    <Filter Include="Resource Files">
      <UniqueIdentifier>{32392d13-ffbc-4a1f-b82e-d2d49912b1a6}</UniqueIdentifier>
      <Extensions>ico;cur;bmp;dlg;rc2;rct;bin;rgs;gif;jpg;jpeg;jpe</Extensions>
    </Filter>
  </ItemGroup>
  <ItemGroup>
    <ClCompile Include="_prec.cpp">
      <Filter>Source Files</Filter>
    </ClCompile>
    <ClCompile Include="approot.cpp">
      <Filter>Source Files</Filter>
    </ClCompile>
    <ClCompile Include="dynamicicon.cpp">
      <Filter>Source Files</Filter>
    </ClCompile>
    <ClCompile Include="fancontrol.cpp">
      <Filter>Source Files</Filter>
    </ClCompile>
    <ClCompile Include="misc.cpp">
      <Filter>Source Files</Filter>
    </ClCompile>
    <ClCompile Include="SystemTraySDK.cpp">
      <Filter>Source Files</Filter>
    </ClCompile>
    <ClCompile Include="winstuff.cpp">
      <Filter>Source Files</Filter>
    </ClCompile>
  </ItemGroup>
  <ItemGroup>
    <ClInclude Include="_prec.h">
      <Filter>Header Files</Filter>
    </ClInclude>
    <ClInclude Include="dynamicicon.h">
      <Filter>Header Files</Filter>
    </ClInclude>
    <ClInclude Include="fancontrol.h">
      <Filter>Header Files</Filter>
    </ClInclude>
    <ClInclude Include="res\resource.h">
      <Filter>Header Files</Filter>
    </ClInclude>
    <ClInclude Include="SystemTraySDK.h">
      <Filter>Header Files</Filter>
    </ClInclude>
    <ClInclude Include="TaskbarTextIcon.h">
      <Filter>Header Files</Filter>
    </ClInclude>
    <ClInclude Include="winstuff.h">
      <Filter>Header Files</Filter>
    </ClInclude>
  </ItemGroup>
  <ItemGroup>
    <Image Include="res\app.ico">
      <Filter>Resource Files</Filter>
    </Image>
    <Image Include="res\blue.ico">
      <Filter>Resource Files</Filter>
    </Image>
    <Image Include="res\bw.ico">
      <Filter>Resource Files</Filter>
    </Image>
    <Image Include="res\error.ico">
      <Filter>Resource Files</Filter>
    </Image>
    <Image Include="res\ico16.ico">
      <Filter>Resource Files</Filter>
    </Image>
    <Image Include="res\ico17.ico">
      <Filter>Resource Files</Filter>
    </Image>
    <Image Include="res\ico18.ico">
      <Filter>Resource Files</Filter>
    </Image>
    <Image Include="res\ico19.ico">
      <Filter>Resource Files</Filter>
    </Image>
    <Image Include="res\ico20.ico">
      <Filter>Resource Files</Filter>
    </Image>
    <Image Include="res\orange.ico">
      <Filter>Resource Files</Filter>
    </Image>
    <Image Include="res\red.ico">
      <Filter>Resource Files</Filter>
    </Image>
    <Image Include="res\yellow.ico">
      <Filter>Resource Files</Filter>
    </Image>
  </ItemGroup>
  <ItemGroup>
    <ResourceCompile Include="res\fancontrol.rc">
      <Filter>Resource Files</Filter>
    </ResourceCompile>
  </ItemGroup>
  <ItemGroup>
    <Text Include="res\xp-manifest.txt" />
  </ItemGroup>
</Project>