
Microsoft Visual Studio Solution File, Format Version 12.00
# Visual Studio Version 17
VisualStudioVersion = 17.1.32228.430
MinimumVisualStudioVersion = 10.0.40219.1
Project("{8BC9CEB8-8B4A-11D0-8D11-00A0C91BC942}") = "TPFCIcon", "TPFCIcon.vcxproj", "{23F70D81-8A0A-4C2B-B426-C74C9AA85039}"
EndProject
Global
	GlobalSection(SolutionConfigurationPlatforms) = preSolution
		Debug|Win32 = Debug|Win32
		Release|Win32 = Release|Win32
	EndGlobalSection
	GlobalSection(ProjectConfigurationPlatforms) = postSolution
		{23F70D81-8A0A-4C2B-B426-C74C9AA85039}.Debug|Win32.ActiveCfg = Debug|Win32
		{23F70D81-8A0A-4C2B-B426-C74C9AA85039}.Debug|Win32.Build.0 = Debug|Win32
		{23F70D81-8A0A-4C2B-B426-C74C9AA85039}.Release|Win32.ActiveCfg = Release|Win32
		{23F70D81-8A0A-4C2B-B426-C74C9AA85039}.Release|Win32.Build.0 = Release|Win32
	EndGlobalSection
	GlobalSection(SolutionProperties) = preSolution
		HideSolutionNode = FALSE
	EndGlobalSection
	GlobalSection(ExtensibilityGlobals) = postSolution
		SolutionGuid = {CAD5FF60-8BE6-49A7-B8D9-73CD7F6B31D1}
	EndGlobalSection
EndGlobal
